// !$*UTF8*$!
{
	archiveVersion = 1;
	classes = {
	};
	objectVersion = 50;
	objects = {

/* Begin PBXBuildFile section */
		CE3AA8D924C1D93D00065325 /* AppDelegate.swift in Sources */ = {isa = PBXBuildFile; fileRef = CE3AA8D824C1D93D00065325 /* AppDelegate.swift */; };
		CE3AA8DB24C1D93D00065325 /* SceneDelegate.swift in Sources */ = {isa = PBXBuildFile; fileRef = CE3AA8DA24C1D93D00065325 /* SceneDelegate.swift */; };
		CE3AA8DD24C1D93D00065325 /* DrinksController.swift in Sources */ = {isa = PBXBuildFile; fileRef = CE3AA8DC24C1D93D00065325 /* DrinksController.swift */; };
		CE3AA8E024C1D93D00065325 /* Main.storyboard in Resources */ = {isa = PBXBuildFile; fileRef = CE3AA8DE24C1D93D00065325 /* Main.storyboard */; };
		CE3AA8E224C1D94300065325 /* Assets.xcassets in Resources */ = {isa = PBXBuildFile; fileRef = CE3AA8E124C1D94300065325 /* Assets.xcassets */; };
		CE3AA8E524C1D94300065325 /* LaunchScreen.storyboard in Resources */ = {isa = PBXBuildFile; fileRef = CE3AA8E324C1D94300065325 /* LaunchScreen.storyboard */; };
		CE3AA8ED24C2F1B600065325 /* FilterControllers.swift in Sources */ = {isa = PBXBuildFile; fileRef = CE3AA8EC24C2F1B600065325 /* FilterControllers.swift */; };
		CEDAFF6124C466340051A457 /* ImageViewExtention.swift in Sources */ = {isa = PBXBuildFile; fileRef = CEDAFF6024C466340051A457 /* ImageViewExtention.swift */; };
		CEDAFF6324C466E40051A457 /* DrinkModels.swift in Sources */ = {isa = PBXBuildFile; fileRef = CEDAFF6224C466E40051A457 /* DrinkModels.swift */; };
		CEDAFF6524C467290051A457 /* FilterModel.swift in Sources */ = {isa = PBXBuildFile; fileRef = CEDAFF6424C467290051A457 /* FilterModel.swift */; };
		CEDAFF6724C4689B0051A457 /* TableViewCells.swift in Sources */ = {isa = PBXBuildFile; fileRef = CEDAFF6624C4689B0051A457 /* TableViewCells.swift */; };
/* End PBXBuildFile section */

/* Begin PBXFileReference section */
		CE3AA8D524C1D93D00065325 /* CocktailDB.app */ = {isa = PBXFileReference; explicitFileType = wrapper.application; includeInIndex = 0; path = CocktailDB.app; sourceTree = BUILT_PRODUCTS_DIR; };
		CE3AA8D824C1D93D00065325 /* AppDelegate.swift */ = {isa = PBXFileReference; lastKnownFileType = sourcecode.swift; path = AppDelegate.swift; sourceTree = "<group>"; };
		CE3AA8DA24C1D93D00065325 /* SceneDelegate.swift */ = {isa = PBXFileReference; lastKnownFileType = sourcecode.swift; path = SceneDelegate.swift; sourceTree = "<group>"; };
		CE3AA8DC24C1D93D00065325 /* DrinksController.swift */ = {isa = PBXFileReference; lastKnownFileType = sourcecode.swift; path = DrinksController.swift; sourceTree = "<group>"; };
		CE3AA8DF24C1D93D00065325 /* Base */ = {isa = PBXFileReference; lastKnownFileType = file.storyboard; name = Base; path = Base.lproj/Main.storyboard; sourceTree = "<group>"; };
		CE3AA8E124C1D94300065325 /* Assets.xcassets */ = {isa = PBXFileReference; lastKnownFileType = folder.assetcatalog; path = Assets.xcassets; sourceTree = "<group>"; };
		CE3AA8E424C1D94300065325 /* Base */ = {isa = PBXFileReference; lastKnownFileType = file.storyboard; name = Base; path = Base.lproj/LaunchScreen.storyboard; sourceTree = "<group>"; };
		CE3AA8E624C1D94300065325 /* Info.plist */ = {isa = PBXFileReference; lastKnownFileType = text.plist.xml; path = Info.plist; sourceTree = "<group>"; };
		CE3AA8EC24C2F1B600065325 /* FilterControllers.swift */ = {isa = PBXFileReference; lastKnownFileType = sourcecode.swift; path = FilterControllers.swift; sourceTree = "<group>"; };
		CEDAFF6024C466340051A457 /* ImageViewExtention.swift */ = {isa = PBXFileReference; lastKnownFileType = sourcecode.swift; path = ImageViewExtention.swift; sourceTree = "<group>"; };
		CEDAFF6224C466E40051A457 /* DrinkModels.swift */ = {isa = PBXFileReference; lastKnownFileType = sourcecode.swift; path = DrinkModels.swift; sourceTree = "<group>"; };
		CEDAFF6424C467290051A457 /* FilterModel.swift */ = {isa = PBXFileReference; lastKnownFileType = sourcecode.swift; path = FilterModel.swift; sourceTree = "<group>"; };
		CEDAFF6624C4689B0051A457 /* TableViewCells.swift */ = {isa = PBXFileReference; lastKnownFileType = sourcecode.swift; path = TableViewCells.swift; sourceTree = "<group>"; };
/* End PBXFileReference section */

/* Begin PBXFrameworksBuildPhase section */
		CE3AA8D224C1D93D00065325 /* Frameworks */ = {
			isa = PBXFrameworksBuildPhase;
			buildActionMask = 2147483647;
			files = (
			);
			runOnlyForDeploymentPostprocessing = 0;
		};
/* End PBXFrameworksBuildPhase section */

/* Begin PBXGroup section */
		CE3AA8CC24C1D93D00065325 = {
			isa = PBXGroup;
			children = (
				CE3AA8D724C1D93D00065325 /* CocktailDB */,
				CE3AA8D624C1D93D00065325 /* Products */,
			);
			sourceTree = "<group>";
		};
		CE3AA8D624C1D93D00065325 /* Products */ = {
			isa = PBXGroup;
			children = (
				CE3AA8D524C1D93D00065325 /* CocktailDB.app */,
			);
			name = Products;
			sourceTree = "<group>";
		};
		CE3AA8D724C1D93D00065325 /* CocktailDB */ = {
			isa = PBXGroup;
			children = (
				CEDAFF5C24C464E20051A457 /* Controllers */,
				CEDAFF5824C461620051A457 /* Model */,
				CEDAFF5A24C4618D0051A457 /* ViewModels */,
				CEDAFF5B24C461A50051A457 /* View */,
				CEDAFF5F24C4658F0051A457 /* Resources */,
				CEDAFF5E24C465020051A457 /* AppDelegate */,
				CE3AA8E624C1D94300065325 /* Info.plist */,
			);
			path = CocktailDB;
			sourceTree = "<group>";
		};
		CEDAFF5824C461620051A457 /* Model */ = {
			isa = PBXGroup;
			children = (
				CEDAFF6224C466E40051A457 /* DrinkModels.swift */,
				CEDAFF6424C467290051A457 /* FilterModel.swift */,
			);
			path = Model;
			sourceTree = "<group>";
		};
		CEDAFF5A24C4618D0051A457 /* ViewModels */ = {
			isa = PBXGroup;
			children = (
				CEDAFF6024C466340051A457 /* ImageViewExtention.swift */,
			);
			path = ViewModels;
			sourceTree = "<group>";
		};
		CEDAFF5B24C461A50051A457 /* View */ = {
			isa = PBXGroup;
			children = (
				CE3AA8DE24C1D93D00065325 /* Main.storyboard */,
				CE3AA8E324C1D94300065325 /* LaunchScreen.storyboard */,
				CEDAFF6624C4689B0051A457 /* TableViewCells.swift */,
			);
			path = View;
			sourceTree = "<group>";
		};
		CEDAFF5C24C464E20051A457 /* Controllers */ = {
			isa = PBXGroup;
			children = (
				CE3AA8DC24C1D93D00065325 /* DrinksController.swift */,
				CE3AA8EC24C2F1B600065325 /* FilterControllers.swift */,
			);
			path = Controllers;
			sourceTree = "<group>";
		};
		CEDAFF5E24C465020051A457 /* AppDelegate */ = {
			isa = PBXGroup;
			children = (
				CE3AA8DA24C1D93D00065325 /* SceneDelegate.swift */,
				CE3AA8D824C1D93D00065325 /* AppDelegate.swift */,
			);
			path = AppDelegate;
			sourceTree = "<group>";
		};
		CEDAFF5F24C4658F0051A457 /* Resources */ = {
			isa = PBXGroup;
			children = (
				CE3AA8E124C1D94300065325 /* Assets.xcassets */,
			);
			path = Resources;
			sourceTree = "<group>";
		};
/* End PBXGroup section */

/* Begin PBXNativeTarget section */
		CE3AA8D424C1D93D00065325 /* CocktailDB */ = {
			isa = PBXNativeTarget;
			buildConfigurationList = CE3AA8E924C1D94400065325 /* Build configuration list for PBXNativeTarget "CocktailDB" */;
			buildPhases = (
				CE3AA8D124C1D93D00065325 /* Sources */,
				CE3AA8D224C1D93D00065325 /* Frameworks */,
				CE3AA8D324C1D93D00065325 /* Resources */,
			);
			buildRules = (
			);
			dependencies = (
			);
			name = CocktailDB;
			productName = CocktailDB;
			productReference = CE3AA8D524C1D93D00065325 /* CocktailDB.app */;
			productType = "com.apple.product-type.application";
		};
/* End PBXNativeTarget section */

/* Begin PBXProject section */
		CE3AA8CD24C1D93D00065325 /* Project object */ = {
			isa = PBXProject;
			attributes = {
				LastSwiftUpdateCheck = 1130;
				LastUpgradeCheck = 1130;
				ORGANIZATIONNAME = "Anastasia Kholod";
				TargetAttributes = {
					CE3AA8D424C1D93D00065325 = {
						CreatedOnToolsVersion = 11.3.1;
					};
				};
			};
			buildConfigurationList = CE3AA8D024C1D93D00065325 /* Build configuration list for PBXProject "CocktailDB" */;
			compatibilityVersion = "Xcode 9.3";
			developmentRegion = en;
			hasScannedForEncodings = 0;
			knownRegions = (
				en,
				Base,
			);
			mainGroup = CE3AA8CC24C1D93D00065325;
			productRefGroup = CE3AA8D624C1D93D00065325 /* Products */;
			projectDirPath = "";
			projectRoot = "";
			targets = (
				CE3AA8D424C1D93D00065325 /* CocktailDB */,
			);
		};
/* End PBXProject section */

/* Begin PBXResourcesBuildPhase section */
		CE3AA8D324C1D93D00065325 /* Resources */ = {
			isa = PBXResourcesBuildPhase;
			buildActionMask = 2147483647;
			files = (
				CE3AA8E524C1D94300065325 /* LaunchScreen.storyboard in Resources */,
				CE3AA8E224C1D94300065325 /* Assets.xcassets in Resources */,
				CE3AA8E024C1D93D00065325 /* Main.storyboard in Resources */,
			);
			runOnlyForDeploymentPostprocessing = 0;
		};
/* End PBXResourcesBuildPhase section */

/* Begin PBXSourcesBuildPhase section */
		CE3AA8D124C1D93D00065325 /* Sources */ = {
			isa = PBXSourcesBuildPhase;
			buildActionMask = 2147483647;
			files = (
				CE3AA8DD24C1D93D00065325 /* DrinksController.swift in Sources */,
				CEDAFF6124C466340051A457 /* ImageViewExtention.swift in Sources */,
				CEDAFF6324C466E40051A457 /* DrinkModels.swift in Sources */,
				CE3AA8D924C1D93D00065325 /* AppDelegate.swift in Sources */,
				CE3AA8DB24C1D93D00065325 /* SceneDelegate.swift in Sources */,
				CEDAFF6724C4689B0051A457 /* TableViewCells.swift in Sources */,
				CE3AA8ED24C2F1B600065325 /* FilterControllers.swift in Sources */,
				CEDAFF6524C467290051A457 /* FilterModel.swift in Sources */,
			);
			runOnlyForDeploymentPostprocessing = 0;
		};
/* End PBXSourcesBuildPhase section */

/* Begin PBXVariantGroup section */
		CE3AA8DE24C1D93D00065325 /* Main.storyboard */ = {
			isa = PBXVariantGroup;
			children = (
				CE3AA8DF24C1D93D00065325 /* Base */,
			);
			name = Main.storyboard;
			sourceTree = "<group>";
		};
		CE3AA8E324C1D94300065325 /* LaunchScreen.storyboard */ = {
			isa = PBXVariantGroup;
			children = (
				CE3AA8E424C1D94300065325 /* Base */,
			);
			name = LaunchScreen.storyboard;
			sourceTree = "<group>";
		};
/* End PBXVariantGroup section */

/* Begin XCBuildConfiguration section */
		CE3AA8E724C1D94300065325 /* Debug */ = {
			isa = XCBuildConfiguration;
			buildSettings = {
				ALWAYS_SEARCH_USER_PATHS = NO;
				CLANG_ANALYZER_NONNULL = YES;
				CLANG_ANALYZER_NUMBER_OBJECT_CONVERSION = YES_AGGRESSIVE;
				CLANG_CXX_LANGUAGE_STANDARD = "gnu++14";
				CLANG_CXX_LIBRARY = "libc++";
				CLANG_ENABLE_MODULES = YES;
				CLANG_ENABLE_OBJC_ARC = YES;
				CLANG_ENABLE_OBJC_WEAK = YES;
				CLANG_WARN_BLOCK_CAPTURE_AUTORELEASING = YES;
				CLANG_WARN_BOOL_CONVERSION = YES;
				CLANG_WARN_COMMA = YES;
				CLANG_WARN_CONSTANT_CONVERSION = YES;
				CLANG_WARN_DEPRECATED_OBJC_IMPLEMENTATIONS = YES;
				CLANG_WARN_DIRECT_OBJC_ISA_USAGE = YES_ERROR;
				CLANG_WARN_DOCUMENTATION_COMMENTS = YES;
				CLANG_WARN_EMPTY_BODY = YES;
				CLANG_WARN_ENUM_CONVERSION = YES;
				CLANG_WARN_INFINITE_RECURSION = YES;
				CLANG_WARN_INT_CONVERSION = YES;
				CLANG_WARN_NON_LITERAL_NULL_CONVERSION = YES;
				CLANG_WARN_OBJC_IMPLICIT_RETAIN_SELF = YES;
				CLANG_WARN_OBJC_LITERAL_CONVERSION = YES;
				CLANG_WARN_OBJC_ROOT_CLASS = YES_ERROR;
				CLANG_WARN_RANGE_LOOP_ANALYSIS = YES;
				CLANG_WARN_STRICT_PROTOTYPES = YES;
				CLANG_WARN_SUSPICIOUS_MOVE = YES;
				CLANG_WARN_UNGUARDED_AVAILABILITY = YES_AGGRESSIVE;
				CLANG_WARN_UNREACHABLE_CODE = YES;
				CLANG_WARN__DUPLICATE_METHOD_MATCH = YES;
				COPY_PHASE_STRIP = NO;
				DEBUG_INFORMATION_FORMAT = dwarf;
				ENABLE_STRICT_OBJC_MSGSEND = YES;
				ENABLE_TESTABILITY = YES;
				GCC_C_LANGUAGE_STANDARD = gnu11;
				GCC_DYNAMIC_NO_PIC = NO;
				GCC_NO_COMMON_BLOCKS = YES;
				GCC_OPTIMIZATION_LEVEL = 0;
				GCC_PREPROCESSOR_DEFINITIONS = (
					"DEBUG=1",
					"$(inherited)",
				);
				GCC_WARN_64_TO_32_BIT_CONVERSION = YES;
				GCC_WARN_ABOUT_RETURN_TYPE = YES_ERROR;
				GCC_WARN_UNDECLARED_SELECTOR = YES;
				GCC_WARN_UNINITIALIZED_AUTOS = YES_AGGRESSIVE;
				GCC_WARN_UNUSED_FUNCTION = YES;
				GCC_WARN_UNUSED_VARIABLE = YES;
				IPHONEOS_DEPLOYMENT_TARGET = 13.2;
				MTL_ENABLE_DEBUG_INFO = INCLUDE_SOURCE;
				MTL_FAST_MATH = YES;
				ONLY_ACTIVE_ARCH = YES;
				SDKROOT = iphoneos;
				SWIFT_ACTIVE_COMPILATION_CONDITIONS = DEBUG;
				SWIFT_OPTIMIZATION_LEVEL = "-Onone";
			};
			name = Debug;
		};
		CE3AA8E824C1D94300065325 /* Release */ = {
			isa = XCBuildConfiguration;
			buildSettings = {
				ALWAYS_SEARCH_USER_PATHS = NO;
				CLANG_ANALYZER_NONNULL = YES;
				CLANG_ANALYZER_NUMBER_OBJECT_CONVERSION = YES_AGGRESSIVE;
				CLANG_CXX_LANGUAGE_STANDARD = "gnu++14";
				CLANG_CXX_LIBRARY = "libc++";
				CLANG_ENABLE_MODULES = YES;
				CLANG_ENABLE_OBJC_ARC = YES;
				CLANG_ENABLE_OBJC_WEAK = YES;
				CLANG_WARN_BLOCK_CAPTURE_AUTORELEASING = YES;
				CLANG_WARN_BOOL_CONVERSION = YES;
				CLANG_WARN_COMMA = YES;
				CLANG_WARN_CONSTANT_CONVERSION = YES;
				CLANG_WARN_DEPRECATED_OBJC_IMPLEMENTATIONS = YES;
				CLANG_WARN_DIRECT_OBJC_ISA_USAGE = YES_ERROR;
				CLANG_WARN_DOCUMENTATION_COMMENTS = YES;
				CLANG_WARN_EMPTY_BODY = YES;
				CLANG_WARN_ENUM_CONVERSION = YES;
				CLANG_WARN_INFINITE_RECURSION = YES;
				CLANG_WARN_INT_CONVERSION = YES;
				CLANG_WARN_NON_LITERAL_NULL_CONVERSION = YES;
				CLANG_WARN_OBJC_IMPLICIT_RETAIN_SELF = YES;
				CLANG_WARN_OBJC_LITERAL_CONVERSION = YES;
				CLANG_WARN_OBJC_ROOT_CLASS = YES_ERROR;
				CLANG_WARN_RANGE_LOOP_ANALYSIS = YES;
				CLANG_WARN_STRICT_PROTOTYPES = YES;
				CLANG_WARN_SUSPICIOUS_MOVE = YES;
				CLANG_WARN_UNGUARDED_AVAILABILITY = YES_AGGRESSIVE;
				CLANG_WARN_UNREACHABLE_CODE = YES;
				CLANG_WARN__DUPLICATE_METHOD_MATCH = YES;
				COPY_PHASE_STRIP = NO;
				DEBUG_INFORMATION_FORMAT = "dwarf-with-dsym";
				ENABLE_NS_ASSERTIONS = NO;
				ENABLE_STRICT_OBJC_MSGSEND = YES;
				GCC_C_LANGUAGE_STANDARD = gnu11;
				GCC_NO_COMMON_BLOCKS = YES;
				GCC_WARN_64_TO_32_BIT_CONVERSION = YES;
				GCC_WARN_ABOUT_RETURN_TYPE = YES_ERROR;
				GCC_WARN_UNDECLARED_SELECTOR = YES;
				GCC_WARN_UNINITIALIZED_AUTOS = YES_AGGRESSIVE;
				GCC_WARN_UNUSED_FUNCTION = YES;
				GCC_WARN_UNUSED_VARIABLE = YES;
				IPHONEOS_DEPLOYMENT_TARGET = 13.2;
				MTL_ENABLE_DEBUG_INFO = NO;
				MTL_FAST_MATH = YES;
				SDKROOT = iphoneos;
				SWIFT_COMPILATION_MODE = wholemodule;
				SWIFT_OPTIMIZATION_LEVEL = "-O";
				VALIDATE_PRODUCT = YES;
			};
			name = Release;
		};
		CE3AA8EA24C1D94400065325 /* Debug */ = {
			isa = XCBuildConfiguration;
			buildSettings = {
				ASSETCATALOG_COMPILER_APPICON_NAME = AppIcon;
				CODE_SIGN_STYLE = Automatic;
				DEVELOPMENT_TEAM = WJL4JH57MU;
				"INFOPLIST_FILE[sdk=*]" = CocktailDB/Info.plist;
				LD_RUNPATH_SEARCH_PATHS = (
					"$(inherited)",
					"@executable_path/Frameworks",
				);
				PRODUCT_BUNDLE_IDENTIFIER = AKh.CocktailDB;
				PRODUCT_NAME = "$(TARGET_NAME)";
				SWIFT_VERSION = 5.0;
				TARGETED_DEVICE_FAMILY = "1,2";
			};
			name = Debug;
		};
		CE3AA8EB24C1D94400065325 /* Release */ = {
			isa = XCBuildConfiguration;
			buildSettings = {
				ASSETCATALOG_COMPILER_APPICON_NAME = AppIcon;
				CODE_SIGN_STYLE = Automatic;
				DEVELOPMENT_TEAM = WJL4JH57MU;
				"INFOPLIST_FILE[sdk=*]" = CocktailDB/Info.plist;
				LD_RUNPATH_SEARCH_PATHS = (
					"$(inherited)",
					"@executable_path/Frameworks",
				);
				PRODUCT_BUNDLE_IDENTIFIER = AKh.CocktailDB;
				PRODUCT_NAME = "$(TARGET_NAME)";
				SWIFT_VERSION = 5.0;
				TARGETED_DEVICE_FAMILY = "1,2";
			};
			name = Release;
		};
/* End XCBuildConfiguration section */

/* Begin XCConfigurationList section */
		CE3AA8D024C1D93D00065325 /* Build configuration list for PBXProject "CocktailDB" */ = {
			isa = XCConfigurationList;
			buildConfigurations = (
				CE3AA8E724C1D94300065325 /* Debug */,
				CE3AA8E824C1D94300065325 /* Release */,
			);
			defaultConfigurationIsVisible = 0;
			defaultConfigurationName = Release;
		};
		CE3AA8E924C1D94400065325 /* Build configuration list for PBXNativeTarget "CocktailDB" */ = {
			isa = XCConfigurationList;
			buildConfigurations = (
				CE3AA8EA24C1D94400065325 /* Debug */,
				CE3AA8EB24C1D94400065325 /* Release */,
			);
			defaultConfigurationIsVisible = 0;
			defaultConfigurationName = Release;
		};
/* End XCConfigurationList section */
	};
	rootObject = CE3AA8CD24C1D93D00065325 /* Project object */;
}
